
Microsoft Visual Studio Solution File, Format Version 12.00
# Visual Studio Version 17
VisualStudioVersion = 17.5.33516.290
MinimumVisualStudioVersion = 10.0.40219.1
Project("{FAE04EC0-301F-11D3-BF4B-00C04F79EFBC}") = "CorLoan.API", "CorLoan.API\CorLoan.API.csproj", "{1596AB84-8761-4C18-9DEA-DE01CC8D7299}"
EndProject
Project("{FAE04EC0-301F-11D3-BF4B-00C04F79EFBC}") = "CorLoan.BLL", "CorLoan.BLL\CorLoan.BLL.csproj", "{411C1370-77A3-4654-9EAE-4DC4DC83CDBD}"
EndProject
Project("{FAE04EC0-301F-11D3-BF4B-00C04F79EFBC}") = "CorLoan.DAL", "CorLoanDAL\CorLoan.DAL.csproj", "{17828770-1D5E-46D8-9F69-2757CE7A1F53}"
EndProject
Global
	GlobalSection(SolutionConfigurationPlatforms) = preSolution
		Debug|Any CPU = Debug|Any CPU
		Release|Any CPU = Release|Any CPU
	EndGlobalSection
	GlobalSection(ProjectConfigurationPlatforms) = postSolution
		{1596AB84-8761-4C18-9DEA-DE01CC8D7299}.Debug|Any CPU.ActiveCfg = Debug|Any CPU
		{1596AB84-8761-4C18-9DEA-DE01CC8D7299}.Debug|Any CPU.Build.0 = Debug|Any CPU
		{1596AB84-8761-4C18-9DEA-DE01CC8D7299}.Release|Any CPU.ActiveCfg = Release|Any CPU
		{1596AB84-8761-4C18-9DEA-DE01CC8D7299}.Release|Any CPU.Build.0 = Release|Any CPU
		{411C1370-77A3-4654-9EAE-4DC4DC83CDBD}.Debug|Any CPU.ActiveCfg = Debug|Any CPU
		{411C1370-77A3-4654-9EAE-4DC4DC83CDBD}.Debug|Any CPU.Build.0 = Debug|Any CPU
		{411C1370-77A3-4654-9EAE-4DC4DC83CDBD}.Release|Any CPU.ActiveCfg = Release|Any CPU
		{411C1370-77A3-4654-9EAE-4DC4DC83CDBD}.Release|Any CPU.Build.0 = Release|Any CPU
		{17828770-1D5E-46D8-9F69-2757CE7A1F53}.Debug|Any CPU.ActiveCfg = Debug|Any CPU
		{17828770-1D5E-46D8-9F69-2757CE7A1F53}.Debug|Any CPU.Build.0 = Debug|Any CPU
		{17828770-1D5E-46D8-9F69-2757CE7A1F53}.Release|Any CPU.ActiveCfg = Release|Any CPU
		{17828770-1D5E-46D8-9F69-2757CE7A1F53}.Release|Any CPU.Build.0 = Release|Any CPU
	EndGlobalSection
	GlobalSection(SolutionProperties) = preSolution
		HideSolutionNode = FALSE
	EndGlobalSection
	GlobalSection(ExtensibilityGlobals) = postSolution
		SolutionGuid = {3688B6AC-245B-483C-B492-2065D362D755}
	EndGlobalSection
EndGlobal
